<?xml version="1.0" encoding="utf-8"?>
<Project ToolsVersion="4.0" xmlns="http://schemas.microsoft.com/developer/msbuild/2003">
  <ItemGroup>
    <ClCompile Include="source\main.cpp" />
    <ClCompile Include="source\jetlink_linker.cpp" />
    <ClCompile Include="source\jetlink_reader_msf.cpp" />
    <ClCompile Include="source\jetlink_reader_pdb.cpp" />
    <ClCompile Include="source\filewatcher.cpp" />
    <ClCompile Include="source\jetlink.cpp" />
  </ItemGroup>
  <ItemGroup>
    <ClInclude Include="source\jetlink_reader_msf.hpp" />
    <ClInclude Include="source\jetlink_reader_pdb.hpp" />
    <ClInclude Include="source\filewatcher.hpp" />
    <ClInclude Include="source\jetlink.hpp" />
  </ItemGroup>
</Project>